// !$*UTF8*$!
{
	archiveVersion = 1;
	classes = {
	};
	objectVersion = 46;
	objects = {

/* Begin PBXBuildFile section */
		7642D4901F02CA75003C5BB1 /* InputNameViewController.swift in Sources */ = {isa = PBXBuildFile; fileRef = 7642D48F1F02CA75003C5BB1 /* InputNameViewController.swift */; };
		765185201F028591009E8CB7 /* AppDelegate.swift in Sources */ = {isa = PBXBuildFile; fileRef = 7651851F1F028591009E8CB7 /* AppDelegate.swift */; };
		765185221F028591009E8CB7 /* ViewController.swift in Sources */ = {isa = PBXBuildFile; fileRef = 765185211F028591009E8CB7 /* ViewController.swift */; };
		765185251F028591009E8CB7 /* Main.storyboard in Resources */ = {isa = PBXBuildFile; fileRef = 765185231F028591009E8CB7 /* Main.storyboard */; };
		765185281F028591009E8CB7 /* EASYSTEP.xcdatamodeld in Sources */ = {isa = PBXBuildFile; fileRef = 765185261F028591009E8CB7 /* EASYSTEP.xcdatamodeld */; };
		7651852A1F028591009E8CB7 /* Assets.xcassets in Resources */ = {isa = PBXBuildFile; fileRef = 765185291F028591009E8CB7 /* Assets.xcassets */; };
		765185391F0288CC009E8CB7 /* Launch Screen.storyboard in Resources */ = {isa = PBXBuildFile; fileRef = 765185381F0288CC009E8CB7 /* Launch Screen.storyboard */; };
		7651853F1F029327009E8CB7 /* SignViewController.swift in Sources */ = {isa = PBXBuildFile; fileRef = 7651853E1F029327009E8CB7 /* SignViewController.swift */; };
		765185431F02AAC8009E8CB7 /* InputEmailViewController.swift in Sources */ = {isa = PBXBuildFile; fileRef = 765185421F02AAC8009E8CB7 /* InputEmailViewController.swift */; };
/* End PBXBuildFile section */

/* Begin PBXFileReference section */
		7642D48F1F02CA75003C5BB1 /* InputNameViewController.swift */ = {isa = PBXFileReference; fileEncoding = 4; lastKnownFileType = sourcecode.swift; path = InputNameViewController.swift; sourceTree = "<group>"; };
		7651851C1F028591009E8CB7 /* EASYSTEP.app */ = {isa = PBXFileReference; explicitFileType = wrapper.application; includeInIndex = 0; path = EASYSTEP.app; sourceTree = BUILT_PRODUCTS_DIR; };
		7651851F1F028591009E8CB7 /* AppDelegate.swift */ = {isa = PBXFileReference; lastKnownFileType = sourcecode.swift; path = AppDelegate.swift; sourceTree = "<group>"; };
		765185211F028591009E8CB7 /* ViewController.swift */ = {isa = PBXFileReference; lastKnownFileType = sourcecode.swift; path = ViewController.swift; sourceTree = "<group>"; };
		765185241F028591009E8CB7 /* Base */ = {isa = PBXFileReference; lastKnownFileType = file.storyboard; name = Base; path = Base.lproj/Main.storyboard; sourceTree = "<group>"; };
		765185271F028591009E8CB7 /* EASYSTEP.xcdatamodel */ = {isa = PBXFileReference; lastKnownFileType = wrapper.xcdatamodel; path = EASYSTEP.xcdatamodel; sourceTree = "<group>"; };
		765185291F028591009E8CB7 /* Assets.xcassets */ = {isa = PBXFileReference; lastKnownFileType = folder.assetcatalog; path = Assets.xcassets; sourceTree = "<group>"; };
		7651852E1F028591009E8CB7 /* Info.plist */ = {isa = PBXFileReference; lastKnownFileType = text.plist.xml; path = Info.plist; sourceTree = "<group>"; };
		765185381F0288CC009E8CB7 /* Launch Screen.storyboard */ = {isa = PBXFileReference; fileEncoding = 4; lastKnownFileType = file.storyboard; path = "Launch Screen.storyboard"; sourceTree = "<group>"; };
		7651853E1F029327009E8CB7 /* SignViewController.swift */ = {isa = PBXFileReference; fileEncoding = 4; lastKnownFileType = sourcecode.swift; path = SignViewController.swift; sourceTree = "<group>"; };
		765185421F02AAC8009E8CB7 /* InputEmailViewController.swift */ = {isa = PBXFileReference; fileEncoding = 4; lastKnownFileType = sourcecode.swift; path = InputEmailViewController.swift; sourceTree = "<group>"; };
/* End PBXFileReference section */

/* Begin PBXFrameworksBuildPhase section */
		765185191F028591009E8CB7 /* Frameworks */ = {
			isa = PBXFrameworksBuildPhase;
			buildActionMask = 2147483647;
			files = (
			);
			runOnlyForDeploymentPostprocessing = 0;
		};
/* End PBXFrameworksBuildPhase section */

/* Begin PBXGroup section */
		765185131F028591009E8CB7 = {
			isa = PBXGroup;
			children = (
				7651851E1F028591009E8CB7 /* EASYSTEP */,
				7651851D1F028591009E8CB7 /* Products */,
			);
			sourceTree = "<group>";
		};
		7651851D1F028591009E8CB7 /* Products */ = {
			isa = PBXGroup;
			children = (
				7651851C1F028591009E8CB7 /* EASYSTEP.app */,
			);
			name = Products;
			sourceTree = "<group>";
		};
		7651851E1F028591009E8CB7 /* EASYSTEP */ = {
			isa = PBXGroup;
			children = (
				7651851F1F028591009E8CB7 /* AppDelegate.swift */,
				765185421F02AAC8009E8CB7 /* InputEmailViewController.swift */,
				7642D48F1F02CA75003C5BB1 /* InputNameViewController.swift */,
				765185211F028591009E8CB7 /* ViewController.swift */,
				765185231F028591009E8CB7 /* Main.storyboard */,
				7651853E1F029327009E8CB7 /* SignViewController.swift */,
				765185291F028591009E8CB7 /* Assets.xcassets */,
				7651852E1F028591009E8CB7 /* Info.plist */,
				765185261F028591009E8CB7 /* EASYSTEP.xcdatamodeld */,
				765185381F0288CC009E8CB7 /* Launch Screen.storyboard */,
			);
			path = EASYSTEP;
			sourceTree = "<group>";
		};
/* End PBXGroup section */

/* Begin PBXNativeTarget section */
		7651851B1F028591009E8CB7 /* EASYSTEP */ = {
			isa = PBXNativeTarget;
			buildConfigurationList = 765185311F028591009E8CB7 /* Build configuration list for PBXNativeTarget "EASYSTEP" */;
			buildPhases = (
				765185181F028591009E8CB7 /* Sources */,
				765185191F028591009E8CB7 /* Frameworks */,
				7651851A1F028591009E8CB7 /* Resources */,
			);
			buildRules = (
			);
			dependencies = (
			);
			name = EASYSTEP;
			productName = EASYSTEP;
			productReference = 7651851C1F028591009E8CB7 /* EASYSTEP.app */;
			productType = "com.apple.product-type.application";
		};
/* End PBXNativeTarget section */

/* Begin PBXProject section */
		765185141F028591009E8CB7 /* Project object */ = {
			isa = PBXProject;
			attributes = {
				LastSwiftUpdateCheck = 0830;
				LastUpgradeCheck = 0830;
				ORGANIZATIONNAME = SweatOnBlock;
				TargetAttributes = {
					7651851B1F028591009E8CB7 = {
						CreatedOnToolsVersion = 8.3.3;
						DevelopmentTeam = 22SR836P46;
						ProvisioningStyle = Automatic;
					};
				};
			};
			buildConfigurationList = 765185171F028591009E8CB7 /* Build configuration list for PBXProject "EASYSTEP" */;
			compatibilityVersion = "Xcode 3.2";
			developmentRegion = English;
			hasScannedForEncodings = 0;
			knownRegions = (
				en,
				Base,
			);
			mainGroup = 765185131F028591009E8CB7;
			productRefGroup = 7651851D1F028591009E8CB7 /* Products */;
			projectDirPath = "";
			projectRoot = "";
			targets = (
				7651851B1F028591009E8CB7 /* EASYSTEP */,
			);
		};
/* End PBXProject section */

/* Begin PBXResourcesBuildPhase section */
		7651851A1F028591009E8CB7 /* Resources */ = {
			isa = PBXResourcesBuildPhase;
			buildActionMask = 2147483647;
			files = (
				7651852A1F028591009E8CB7 /* Assets.xcassets in Resources */,
				765185391F0288CC009E8CB7 /* Launch Screen.storyboard in Resources */,
				765185251F028591009E8CB7 /* Main.storyboard in Resources */,
			);
			runOnlyForDeploymentPostprocessing = 0;
		};
/* End PBXResourcesBuildPhase section */

/* Begin PBXSourcesBuildPhase section */
		765185181F028591009E8CB7 /* Sources */ = {
			isa = PBXSourcesBuildPhase;
			buildActionMask = 2147483647;
			files = (
				7642D4901F02CA75003C5BB1 /* InputNameViewController.swift in Sources */,
				765185221F028591009E8CB7 /* ViewController.swift in Sources */,
				765185201F028591009E8CB7 /* AppDelegate.swift in Sources */,
				765185281F028591009E8CB7 /* EASYSTEP.xcdatamodeld in Sources */,
				7651853F1F029327009E8CB7 /* SignViewController.swift in Sources */,
				765185431F02AAC8009E8CB7 /* InputEmailViewController.swift in Sources */,
			);
			runOnlyForDeploymentPostprocessing = 0;
		};
/* End PBXSourcesBuildPhase section */

/* Begin PBXVariantGroup section */
		765185231F028591009E8CB7 /* Main.storyboard */ = {
			isa = PBXVariantGroup;
			children = (
				765185241F028591009E8CB7 /* Base */,
			);
			name = Main.storyboard;
			sourceTree = "<group>";
		};
/* End PBXVariantGroup section */

/* Begin XCBuildConfiguration section */
		7651852F1F028591009E8CB7 /* Debug */ = {
			isa = XCBuildConfiguration;
			buildSettings = {
				ALWAYS_SEARCH_USER_PATHS = NO;
				CLANG_ANALYZER_NONNULL = YES;
				CLANG_ANALYZER_NUMBER_OBJECT_CONVERSION = YES_AGGRESSIVE;
				CLANG_CXX_LANGUAGE_STANDARD = "gnu++0x";
				CLANG_CXX_LIBRARY = "libc++";
				CLANG_ENABLE_MODULES = YES;
				CLANG_ENABLE_OBJC_ARC = YES;
				CLANG_WARN_BOOL_CONVERSION = YES;
				CLANG_WARN_CONSTANT_CONVERSION = YES;
				CLANG_WARN_DIRECT_OBJC_ISA_USAGE = YES_ERROR;
				CLANG_WARN_DOCUMENTATION_COMMENTS = YES;
				CLANG_WARN_EMPTY_BODY = YES;
				CLANG_WARN_ENUM_CONVERSION = YES;
				CLANG_WARN_INFINITE_RECURSION = YES;
				CLANG_WARN_INT_CONVERSION = YES;
				CLANG_WARN_OBJC_ROOT_CLASS = YES_ERROR;
				CLANG_WARN_SUSPICIOUS_MOVE = YES;
				CLANG_WARN_UNREACHABLE_CODE = YES;
				CLANG_WARN__DUPLICATE_METHOD_MATCH = YES;
				"CODE_SIGN_IDENTITY[sdk=iphoneos*]" = "iPhone Developer";
				COPY_PHASE_STRIP = NO;
				DEBUG_INFORMATION_FORMAT = dwarf;
				ENABLE_STRICT_OBJC_MSGSEND = YES;
				ENABLE_TESTABILITY = YES;
				GCC_C_LANGUAGE_STANDARD = gnu99;
				GCC_DYNAMIC_NO_PIC = NO;
				GCC_NO_COMMON_BLOCKS = YES;
				GCC_OPTIMIZATION_LEVEL = 0;
				GCC_PREPROCESSOR_DEFINITIONS = (
					"DEBUG=1",
					"$(inherited)",
				);
				GCC_WARN_64_TO_32_BIT_CONVERSION = YES;
				GCC_WARN_ABOUT_RETURN_TYPE = YES_ERROR;
				GCC_WARN_UNDECLARED_SELECTOR = YES;
				GCC_WARN_UNINITIALIZED_AUTOS = YES_AGGRESSIVE;
				GCC_WARN_UNUSED_FUNCTION = YES;
				GCC_WARN_UNUSED_VARIABLE = YES;
				IPHONEOS_DEPLOYMENT_TARGET = 10.3;
				MTL_ENABLE_DEBUG_INFO = YES;
				ONLY_ACTIVE_ARCH = YES;
				SDKROOT = iphoneos;
				SWIFT_ACTIVE_COMPILATION_CONDITIONS = DEBUG;
				SWIFT_OPTIMIZATION_LEVEL = "-Onone";
			};
			name = Debug;
		};
		765185301F028591009E8CB7 /* Release */ = {
			isa = XCBuildConfiguration;
			buildSettings = {
				ALWAYS_SEARCH_USER_PATHS = NO;
				CLANG_ANALYZER_NONNULL = YES;
				CLANG_ANALYZER_NUMBER_OBJECT_CONVERSION = YES_AGGRESSIVE;
				CLANG_CXX_LANGUAGE_STANDARD = "gnu++0x";
				CLANG_CXX_LIBRARY = "libc++";
				CLANG_ENABLE_MODULES = YES;
				CLANG_ENABLE_OBJC_ARC = YES;
				CLANG_WARN_BOOL_CONVERSION = YES;
				CLANG_WARN_CONSTANT_CONVERSION = YES;
				CLANG_WARN_DIRECT_OBJC_ISA_USAGE = YES_ERROR;
				CLANG_WARN_DOCUMENTATION_COMMENTS = YES;
				CLANG_WARN_EMPTY_BODY = YES;
				CLANG_WARN_ENUM_CONVERSION = YES;
				CLANG_WARN_INFINITE_RECURSION = YES;
				CLANG_WARN_INT_CONVERSION = YES;
				CLANG_WARN_OBJC_ROOT_CLASS = YES_ERROR;
				CLANG_WARN_SUSPICIOUS_MOVE = YES;
				CLANG_WARN_UNREACHABLE_CODE = YES;
				CLANG_WARN__DUPLICATE_METHOD_MATCH = YES;
				"CODE_SIGN_IDENTITY[sdk=iphoneos*]" = "iPhone Developer";
				COPY_PHASE_STRIP = NO;
				DEBUG_INFORMATION_FORMAT = "dwarf-with-dsym";
				ENABLE_NS_ASSERTIONS = NO;
				ENABLE_STRICT_OBJC_MSGSEND = YES;
				GCC_C_LANGUAGE_STANDARD = gnu99;
				GCC_NO_COMMON_BLOCKS = YES;
				GCC_WARN_64_TO_32_BIT_CONVERSION = YES;
				GCC_WARN_ABOUT_RETURN_TYPE = YES_ERROR;
				GCC_WARN_UNDECLARED_SELECTOR = YES;
				GCC_WARN_UNINITIALIZED_AUTOS = YES_AGGRESSIVE;
				GCC_WARN_UNUSED_FUNCTION = YES;
				GCC_WARN_UNUSED_VARIABLE = YES;
				IPHONEOS_DEPLOYMENT_TARGET = 10.3;
				MTL_ENABLE_DEBUG_INFO = NO;
				SDKROOT = iphoneos;
				SWIFT_OPTIMIZATION_LEVEL = "-Owholemodule";
				VALIDATE_PRODUCT = YES;
			};
			name = Release;
		};
		765185321F028591009E8CB7 /* Debug */ = {
			isa = XCBuildConfiguration;
			buildSettings = {
				ASSETCATALOG_COMPILER_APPICON_NAME = AppIcon;
				DEVELOPMENT_TEAM = 22SR836P46;
				INFOPLIST_FILE = EASYSTEP/Info.plist;
				LD_RUNPATH_SEARCH_PATHS = "$(inherited) @executable_path/Frameworks";
				PRODUCT_BUNDLE_IDENTIFIER = com.sweatonblock.www.EASYSTEP;
				PRODUCT_NAME = "$(TARGET_NAME)";
				SWIFT_VERSION = 3.0;
				TARGETED_DEVICE_FAMILY = "1,2";
			};
			name = Debug;
		};
		765185331F028591009E8CB7 /* Release */ = {
			isa = XCBuildConfiguration;
			buildSettings = {
				ASSETCATALOG_COMPILER_APPICON_NAME = AppIcon;
				DEVELOPMENT_TEAM = 22SR836P46;
				INFOPLIST_FILE = EASYSTEP/Info.plist;
				LD_RUNPATH_SEARCH_PATHS = "$(inherited) @executable_path/Frameworks";
				PRODUCT_BUNDLE_IDENTIFIER = com.sweatonblock.www.EASYSTEP;
				PRODUCT_NAME = "$(TARGET_NAME)";
				SWIFT_VERSION = 3.0;
				TARGETED_DEVICE_FAMILY = "1,2";
			};
			name = Release;
		};
/* End XCBuildConfiguration section */

/* Begin XCConfigurationList section */
		765185171F028591009E8CB7 /* Build configuration list for PBXProject "EASYSTEP" */ = {
			isa = XCConfigurationList;
			buildConfigurations = (
				7651852F1F028591009E8CB7 /* Debug */,
				765185301F028591009E8CB7 /* Release */,
			);
			defaultConfigurationIsVisible = 0;
			defaultConfigurationName = Release;
		};
		765185311F028591009E8CB7 /* Build configuration list for PBXNativeTarget "EASYSTEP" */ = {
			isa = XCConfigurationList;
			buildConfigurations = (
				765185321F028591009E8CB7 /* Debug */,
				765185331F028591009E8CB7 /* Release */,
			);
			defaultConfigurationIsVisible = 0;
			defaultConfigurationName = Release;
		};
/* End XCConfigurationList section */

/* Begin XCVersionGroup section */
		765185261F028591009E8CB7 /* EASYSTEP.xcdatamodeld */ = {
			isa = XCVersionGroup;
			children = (
				765185271F028591009E8CB7 /* EASYSTEP.xcdatamodel */,
			);
			currentVersion = 765185271F028591009E8CB7 /* EASYSTEP.xcdatamodel */;
			path = EASYSTEP.xcdatamodeld;
			sourceTree = "<group>";
			versionGroupType = wrapper.xcdatamodel;
		};
/* End XCVersionGroup section */
	};
	rootObject = 765185141F028591009E8CB7 /* Project object */;
}
